{
  "nodes": {
    "expidus-sdk": {
      "locked": {
        "lastModified": 1669061531,
        "narHash": "sha256-PKX/p2xTxYDthcyiQh07rdAEz9qZ6xagApywLFH3rJ4=",
        "owner": "ExpidusOS",
        "repo": "sdk",
        "rev": "f186d29bbd5d6846f5c00ed10a3868d180f3bf5b",
        "type": "github"
      },
      "original": {
        "owner": "ExpidusOS",
        "repo": "sdk",
        "type": "github"
      }
    },
    "root": {
      "inputs": {
        "expidus-sdk": "expidus-sdk"
      }
    }
  },
  "root": "root",
  "version": 7
}
